{
  "name": "motion-styles-engine",
  "version": "0.1.0",
  "lockfileVersion": 3,
  "requires": true,
  "packages": {
    "": {
      "name": "motion-styles-engine",
      "version": "0.1.0",
      "dependencies": {
        "@fontsource/alexandria": "^5.3.0",
        "@fontsource/almarai": "^5.3.0",
        "@fontsource/anton": "^5.3.0",
        "@fontsource/aref-ruqaa": "^5.3.0",
        "@fontsource/baloo-bhaijaan-2": "^5.3.0",
        "@fontsource/bebas-neue": "^5.3.0",
        "@fontsource/big-shoulders-display": "^5.3.0",
        "@fontsource/blaka": "^5.3.0",
        "@fontsource/cairo": "^5.3.0",
        "@fontsource/changa": "^5.3.0",
        "@fontsource/el-messiri": "^5.3.0",
        "@fontsource/great-vibes": "^5.3.0",
        "@fontsource/harmattan": "^5.3.0",
        "@fontsource/ibm-plex-sans-arabic": "^5.3.0",
        "@fontsource/inter": "^5.3.0",
        "@fontsource/italianno": "^5.3.0",
        "@fontsource/jomhuria": "^5.3.0",
        "@fontsource/katibeh": "^5.3.0",
        "@fontsource/kufam": "^5.3.0",
        "@fontsource/lalezar": "^5.3.0",
        "@fontsource/lemonada": "^5.3.0",
        "@fontsource/mada": "^5.3.0",
        "@fontsource/marhey": "^5.3.0",
        "@fontsource/mirza": "^5.3.0",
        "@fontsource/montserrat": "^5.3.0",
        "@fontsource/noto-kufi-arabic": "^5.3.0",
        "@fontsource/noto-naskh-arabic": "^5.3.0",
        "@fontsource/noto-sans-arabic": "^5.3.0",
        "@fontsource/oswald": "^5.3.0",
        "@fontsource/pinyon-script": "^5.3.0",
        "@fontsource/poppins": "^5.3.0",
        "@fontsource/rakkas": "^5.3.0",
        "@fontsource/readex-pro": "^5.3.0",
        "@fontsource/reem-kufi": "^5.3.0",
        "@fontsource/rubik": "^5.3.0",
        "@fontsource/tajawal": "^5.3.0",
        "@fontsource/vazirmatn": "^5.3.0",
        "@fontsource/zain": "^5.3.0",
        "gsap": "^3.15.0"
      }
    },
    "node_modules/@fontsource/alexandria": {
      "version": "5.3.0",
      "resolved": "https://registry.npmjs.org/@fontsource/alexandria/-/alexandria-5.3.0.tgz",
      "integrity": "sha512-it7vTsYG4pB0G00g49z5bwdMtf41EacTIZQFSxcDRajlV4xrCAz9+0/FMoWo3GD50Ifu5+t6ta22xsmnX5Akwg==",
      "license": "OFL-1.1",
      "funding": {
        "url": "https://github.com/sponsors/ayuhito"
      }
    },
    "node_modules/@fontsource/almarai": {
      "version": "5.3.0",
      "resolved": "https://registry.npmjs.org/@fontsource/almarai/-/almarai-5.3.0.tgz",
      "integrity": "sha512-btLbQO3LSL6F6KLQeZqTFwmS3wArSDJxHdXAYJMaKLyxhp8C7ZQqTYjPFqENx+SwROzDyAyFRK5fKFWh5+uZtQ==",
      "license": "OFL-1.1",
      "funding": {
        "url": "https://github.com/sponsors/ayuhito"
      }
    },
    "node_modules/@fontsource/anton": {
      "version": "5.3.0",
      "resolved": "https://registry.npmjs.org/@fontsource/anton/-/anton-5.3.0.tgz",
      "integrity": "sha512-OR1D5n124n2XRs66SbX7IjcOSptljEJE8FcDNnlni2y1/M6KpTx7cU2PIWzTSsBj4WFkHPw24On8qw3qkQZuTw==",
      "license": "OFL-1.1",
      "funding": {
        "url": "https://github.com/sponsors/ayuhito"
      }
    },
    "node_modules/@fontsource/aref-ruqaa": {
      "version": "5.3.0",
      "resolved": "https://registry.npmjs.org/@fontsource/aref-ruqaa/-/aref-ruqaa-5.3.0.tgz",
      "integrity": "sha512-GC+ckm4v2zndUWuR2JiMdO333mNZqrzxHN/9rpBJhLwDwcwYXzr+GzCRzgK6afGMhYnV0pwrqeGeLm4ZNmWhWQ==",
      "license": "OFL-1.1",
      "funding": {
        "url": "https://github.com/sponsors/ayuhito"
      }
    },
    "node_modules/@fontsource/baloo-bhaijaan-2": {
      "version": "5.3.0",
      "resolved": "https://registry.npmjs.org/@fontsource/baloo-bhaijaan-2/-/baloo-bhaijaan-2-5.3.0.tgz",
      "integrity": "sha512-XW/B74qBKG8g+k7qOeif74by3YarbCVimDZOTjWuam+2kxilAP4blrCB/pcLLFzlWqTOw/RqETolzXT1ETmirw==",
      "license": "OFL-1.1",
      "funding": {
        "url": "https://github.com/sponsors/ayuhito"
      }
    },
    "node_modules/@fontsource/bebas-neue": {
      "version": "5.3.0",
      "resolved": "https://registry.npmjs.org/@fontsource/bebas-neue/-/bebas-neue-5.3.0.tgz",
      "integrity": "sha512-nCxMEb9Bg9sjNWm9TIOsvHKDMLRUfEZPWpLgYu6m9KavZZVSA/WoHzI5wROwqA+eNwEi/PNBAcB5Co7HA3S0Cw==",
      "license": "OFL-1.1",
      "funding": {
        "url": "https://github.com/sponsors/ayuhito"
      }
    },
    "node_modules/@fontsource/big-shoulders-display": {
      "version": "5.3.0",
      "resolved": "https://registry.npmjs.org/@fontsource/big-shoulders-display/-/big-shoulders-display-5.3.0.tgz",
      "integrity": "sha512-d4+Tcsq/WfoKeqWfB6wFdeNDsSYYnilJbSNNpf5w53MlWrGHAc9YvkAjC6id6PgFDiGaFKsXfP0RFAQtpt0bog==",
      "license": "OFL-1.1",
      "funding": {
        "url": "https://github.com/sponsors/ayuhito"
      }
    },
    "node_modules/@fontsource/blaka": {
      "version": "5.3.0",
      "resolved": "https://registry.npmjs.org/@fontsource/blaka/-/blaka-5.3.0.tgz",
      "integrity": "sha512-sSn6pI9GwU2tkIjdClLM8bx+CU6YC8HjRKEcLyeoyd7OhcT/pqc9ruTzeeAwZa6oUPFx0FIYx35SGBzYdkf0jg==",
      "license": "OFL-1.1",
      "funding": {
        "url": "https://github.com/sponsors/ayuhito"
      }
    },
    "node_modules/@fontsource/cairo": {
      "version": "5.3.0",
      "resolved": "https://registry.npmjs.org/@fontsource/cairo/-/cairo-5.3.0.tgz",
      "integrity": "sha512-MdY6+gee1DVz4eUvx1Dd8Y1f50WcRELRKwKBarYZA3zT8dMhkuTWbcoE1LzezAy97h/9rob87s02NI6L8MaDgA==",
      "license": "OFL-1.1",
      "funding": {
        "url": "https://github.com/sponsors/ayuhito"
      }
    },
    "node_modules/@fontsource/changa": {
      "version": "5.3.0",
      "resolved": "https://registry.npmjs.org/@fontsource/changa/-/changa-5.3.0.tgz",
      "integrity": "sha512-zKPYCAB4338o8g7SejgbXPlNbENNr9Y7aJMzrU+umlVBiPdU8tvJYiREHFbLFxge5mI89ktaR2gt7Q1Pq15Zsg==",
      "license": "OFL-1.1",
      "funding": {
        "url": "https://github.com/sponsors/ayuhito"
      }
    },
    "node_modules/@fontsource/el-messiri": {
      "version": "5.3.0",
      "resolved": "https://registry.npmjs.org/@fontsource/el-messiri/-/el-messiri-5.3.0.tgz",
      "integrity": "sha512-Fqhf6DEuRInnLso60tk2i8mQlFfDjYNeF6Ybrto7jBnAwNClQqn4g9lMae/M+ub1zWYteM98uPOA1DwU5J8hbw==",
      "license": "OFL-1.1",
      "funding": {
        "url": "https://github.com/sponsors/ayuhito"
      }
    },
    "node_modules/@fontsource/great-vibes": {
      "version": "5.3.0",
      "resolved": "https://registry.npmjs.org/@fontsource/great-vibes/-/great-vibes-5.3.0.tgz",
      "integrity": "sha512-1w60cXzXnC9V4y943po8044O1mqRQBiTTK75h7OpZE+1VQtx+KlAAzoIyEE5KNzu05gUpxaCQg7cbL7ITSwegQ==",
      "license": "OFL-1.1",
      "funding": {
        "url": "https://github.com/sponsors/ayuhito"
      }
    },
    "node_modules/@fontsource/harmattan": {
      "version": "5.3.0",
      "resolved": "https://registry.npmjs.org/@fontsource/harmattan/-/harmattan-5.3.0.tgz",
      "integrity": "sha512-l6BwKdqTrY4Z0Jfh0Bw8us2jTM83z/w0sz3Iep0XyXrH6jpc9AMUFqvHt46vJNwuaa0pj3jcuZxSDbcDNwv6tg==",
      "license": "OFL-1.1",
      "funding": {
        "url": "https://github.com/sponsors/ayuhito"
      }
    },
    "node_modules/@fontsource/ibm-plex-sans-arabic": {
      "version": "5.3.0",
      "resolved": "https://registry.npmjs.org/@fontsource/ibm-plex-sans-arabic/-/ibm-plex-sans-arabic-5.3.0.tgz",
      "integrity": "sha512-ZZ4g+JDgQY0NqSh4o0MNWU1sHQmtcee1g++aKAwyJvZxnT5y51JXsN1cIXnaQaMd40dcbK6QFYa+Z1LbaiNuqA==",
      "license": "OFL-1.1",
      "funding": {
        "url": "https://github.com/sponsors/ayuhito"
      }
    },
    "node_modules/@fontsource/inter": {
      "version": "5.3.0",
      "resolved": "https://registry.npmjs.org/@fontsource/inter/-/inter-5.3.0.tgz",
      "integrity": "sha512-RofMylZmjlJEfELXeNHFWBRcSs75rGU/6bV2S2jfnvv/3rPXPGe0LgUJTklcHZ9lM4OZmAVFhcJPnACfb91A3g==",
      "license": "OFL-1.1",
      "funding": {
        "url": "https://github.com/sponsors/ayuhito"
      }
    },
    "node_modules/@fontsource/italianno": {
      "version": "5.3.0",
      "resolved": "https://registry.npmjs.org/@fontsource/italianno/-/italianno-5.3.0.tgz",
      "integrity": "sha512-zbI5nY80P4BB1OppKFFnUs8vMKgrbQW1zI0LQ74KR5sD6lmczcJdimM9X7TDIo3auanCRqgYpNSMH341v+7C/Q==",
      "license": "OFL-1.1",
      "funding": {
        "url": "https://github.com/sponsors/ayuhito"
      }
    },
    "node_modules/@fontsource/jomhuria": {
      "version": "5.3.0",
      "resolved": "https://registry.npmjs.org/@fontsource/jomhuria/-/jomhuria-5.3.0.tgz",
      "integrity": "sha512-rm5vhNdUYVCw3CACMJjS41S9zHgO696jogKsO/G9JbnNPup3/NXiMm/mLwmQwW/ymKcsRFHtoJk30wFFWbI+Ww==",
      "license": "OFL-1.1",
      "funding": {
        "url": "https://github.com/sponsors/ayuhito"
      }
    },
    "node_modules/@fontsource/katibeh": {
      "version": "5.3.0",
      "resolved": "https://registry.npmjs.org/@fontsource/katibeh/-/katibeh-5.3.0.tgz",
      "integrity": "sha512-dt0u2FXwpTneCLA52nEGbZUexQIjf/R0fjrH1LGRT38xJAKvYhV2ya3h+12P/A0PbnRcUNDoncVPMIq2i3E6Yw==",
      "license": "OFL-1.1",
      "funding": {
        "url": "https://github.com/sponsors/ayuhito"
      }
    },
    "node_modules/@fontsource/kufam": {
      "version": "5.3.0",
      "resolved": "https://registry.npmjs.org/@fontsource/kufam/-/kufam-5.3.0.tgz",
      "integrity": "sha512-eT3GfmixL/YOdL81Q/tUumeF20AFed2p3X2EPrL662zLYtwaz7bsNdQWJZx6a0IOR9G7d3a/038exmQ949GAMg==",
      "license": "OFL-1.1",
      "funding": {
        "url": "https://github.com/sponsors/ayuhito"
      }
    },
    "node_modules/@fontsource/lalezar": {
      "version": "5.3.0",
      "resolved": "https://registry.npmjs.org/@fontsource/lalezar/-/lalezar-5.3.0.tgz",
      "integrity": "sha512-ptwEfWP7OlucVaRHpuMo6tfvw9xDcBEoaiIvzSDUb7z5pih+DZIRKLarulkJunVR+DnQ5VaJVjuVVOwrqiq7Cw==",
      "license": "OFL-1.1",
      "funding": {
        "url": "https://github.com/sponsors/ayuhito"
      }
    },
    "node_modules/@fontsource/lemonada": {
      "version": "5.3.0",
      "resolved": "https://registry.npmjs.org/@fontsource/lemonada/-/lemonada-5.3.0.tgz",
      "integrity": "sha512-ol68DgfLsqDxhrdDH4EJ0BPmbiz4nJSOdMeMQvmFCgSaYqqiVGI4l/6VVTGY7SLbGChWLJpJJfKlRFi38V7itw==",
      "license": "OFL-1.1",
      "funding": {
        "url": "https://github.com/sponsors/ayuhito"
      }
    },
    "node_modules/@fontsource/mada": {
      "version": "5.3.0",
      "resolved": "https://registry.npmjs.org/@fontsource/mada/-/mada-5.3.0.tgz",
      "integrity": "sha512-pY9OXWL6s36QMlJjh7s/+J0Jg+P4mGtdtk9ZYks1hOJnV8TrG1j8zBzF497mT/PplXWMcA8j7BYZDLPPl7NH6Q==",
      "license": "OFL-1.1",
      "funding": {
        "url": "https://github.com/sponsors/ayuhito"
      }
    },
    "node_modules/@fontsource/marhey": {
      "version": "5.3.0",
      "resolved": "https://registry.npmjs.org/@fontsource/marhey/-/marhey-5.3.0.tgz",
      "integrity": "sha512-5v/maubwegrZ419c308p2/hzbAKeGuOhCCm3P3HF6JZf+RnX0NYFE8EqJ0wrSYvTtp9LE3T6m7pwwTIvU6hCyw==",
      "license": "OFL-1.1",
      "funding": {
        "url": "https://github.com/sponsors/ayuhito"
      }
    },
    "node_modules/@fontsource/mirza": {
      "version": "5.3.0",
      "resolved": "https://registry.npmjs.org/@fontsource/mirza/-/mirza-5.3.0.tgz",
      "integrity": "sha512-mXKahBIWHDQxYL63z8vBZ6FPdk0uHq9SHglI3nsXOUGOAqznUGLSayvjT1jXooMeI4uncl7xNoQVdy+VQlG5kg==",
      "license": "OFL-1.1",
      "funding": {
        "url": "https://github.com/sponsors/ayuhito"
      }
    },
    "node_modules/@fontsource/montserrat": {
      "version": "5.3.0",
      "resolved": "https://registry.npmjs.org/@fontsource/montserrat/-/montserrat-5.3.0.tgz",
      "integrity": "sha512-iQPDtZOnmM5ih4JBGaMSXisRap0ixb9bAUw2hDtY7EjVfaqiiNlKtVuJl9XclxUwtwMMHNcWXfQR6zI9x05+Tg==",
      "license": "OFL-1.1",
      "funding": {
        "url": "https://github.com/sponsors/ayuhito"
      }
    },
    "node_modules/@fontsource/noto-kufi-arabic": {
      "version": "5.3.0",
      "resolved": "https://registry.npmjs.org/@fontsource/noto-kufi-arabic/-/noto-kufi-arabic-5.3.0.tgz",
      "integrity": "sha512-3iSq8i00+omfUXFXuCUrNDz1ghck3HDXul3p3iAfY0Vd9NZqI1NcUNoAVPiUW+BaEQGYQSi+r0R3d1eoNK3OBg==",
      "license": "OFL-1.1",
      "funding": {
        "url": "https://github.com/sponsors/ayuhito"
      }
    },
    "node_modules/@fontsource/noto-naskh-arabic": {
      "version": "5.3.0",
      "resolved": "https://registry.npmjs.org/@fontsource/noto-naskh-arabic/-/noto-naskh-arabic-5.3.0.tgz",
      "integrity": "sha512-S/GDgQ6mh/PKo4mz5+eXNYbEarvpI7yh6eCdOz8tTVbeM7+OUiacIEscaYEibr/+egDtGbO2ZB00sjy1bJC1kQ==",
      "license": "OFL-1.1",
      "funding": {
        "url": "https://github.com/sponsors/ayuhito"
      }
    },
    "node_modules/@fontsource/noto-sans-arabic": {
      "version": "5.3.0",
      "resolved": "https://registry.npmjs.org/@fontsource/noto-sans-arabic/-/noto-sans-arabic-5.3.0.tgz",
      "integrity": "sha512-i3t6GR0LOReyJVEk+YfYCnxv53wuIelg7Y9NGNvOq4Diq/EP0YszaGXkQwfQNigLjfO4POrLaPGM0sNliGYk7A==",
      "license": "OFL-1.1",
      "funding": {
        "url": "https://github.com/sponsors/ayuhito"
      }
    },
    "node_modules/@fontsource/oswald": {
      "version": "5.3.0",
      "resolved": "https://registry.npmjs.org/@fontsource/oswald/-/oswald-5.3.0.tgz",
      "integrity": "sha512-16r2aHActe0pH+9FLdk/74/YxXM7HpGak05kAzx3RvSToiJwGvyhv6GvckPz+YuZmvL1nxWbEop2jAXRcXYPRg==",
      "license": "OFL-1.1",
      "funding": {
        "url": "https://github.com/sponsors/ayuhito"
      }
    },
    "node_modules/@fontsource/pinyon-script": {
      "version": "5.3.0",
      "resolved": "https://registry.npmjs.org/@fontsource/pinyon-script/-/pinyon-script-5.3.0.tgz",
      "integrity": "sha512-ilhy4l5apzyDkfuKb7PZBUT5Sf6nfxucdXT5TQ0wQDyWtDPlouLy1lQq3lMEPk1lPsHHVrd11EkPnEG8FqDgUA==",
      "license": "OFL-1.1",
      "funding": {
        "url": "https://github.com/sponsors/ayuhito"
      }
    },
    "node_modules/@fontsource/poppins": {
      "version": "5.3.0",
      "resolved": "https://registry.npmjs.org/@fontsource/poppins/-/poppins-5.3.0.tgz",
      "integrity": "sha512-cms1nM7U6SN8epIV1WMVOV8VsA645aSm3wHfzIQnkk188U341ThbJGSl2Sv54V29gnDbT2arMPfLzvVIIVCceQ==",
      "license": "OFL-1.1",
      "funding": {
        "url": "https://github.com/sponsors/ayuhito"
      }
    },
    "node_modules/@fontsource/rakkas": {
      "version": "5.3.0",
      "resolved": "https://registry.npmjs.org/@fontsource/rakkas/-/rakkas-5.3.0.tgz",
      "integrity": "sha512-6B3QIQyXRXa5/G7zWkpjpDQbh/+FQPJsuUKQ9yu6oLb2lFepqgFli8GqKxSGXuDxC0hDQy/vAMoOK5VdkIY4IA==",
      "license": "OFL-1.1",
      "funding": {
        "url": "https://github.com/sponsors/ayuhito"
      }
    },
    "node_modules/@fontsource/readex-pro": {
      "version": "5.3.0",
      "resolved": "https://registry.npmjs.org/@fontsource/readex-pro/-/readex-pro-5.3.0.tgz",
      "integrity": "sha512-llvAZL81cEA7kgp9AnhgMRUVsZqb2i5njgLN0uQCNa0+jI8jjscZPOVyiqnUUGvzwmCFhsHw2OBQeF4MyygCXA==",
      "license": "OFL-1.1",
      "funding": {
        "url": "https://github.com/sponsors/ayuhito"
      }
    },
    "node_modules/@fontsource/reem-kufi": {
      "version": "5.3.0",
      "resolved": "https://registry.npmjs.org/@fontsource/reem-kufi/-/reem-kufi-5.3.0.tgz",
      "integrity": "sha512-LO5YIWIQeZWb4oSpm9eAoGqLHMLvBknVamRBFQHuz+suz3TjXiO5bhE/ITlCswENbNpYKMkMPcpf6yzWDWVJoQ==",
      "license": "OFL-1.1",
      "funding": {
        "url": "https://github.com/sponsors/ayuhito"
      }
    },
    "node_modules/@fontsource/rubik": {
      "version": "5.3.0",
      "resolved": "https://registry.npmjs.org/@fontsource/rubik/-/rubik-5.3.0.tgz",
      "integrity": "sha512-Nks2mn7vlE1jZVHuVgoKU2Ejqjvd+GJzLRdraCjo1xc79oo7O6vJ8pcvSfmKPGX3/Ln7nt09XWFzPeu2jWf0xQ==",
      "license": "OFL-1.1",
      "funding": {
        "url": "https://github.com/sponsors/ayuhito"
      }
    },
    "node_modules/@fontsource/tajawal": {
      "version": "5.3.0",
      "resolved": "https://registry.npmjs.org/@fontsource/tajawal/-/tajawal-5.3.0.tgz",
      "integrity": "sha512-R2GUdHHAebeZ+CyYvulaSECfZe3BWbNjEWX3TXG0Csnx4RADO/zyqk6Y//NYdSx5n74zRJh9HTvd61mpX/UzZQ==",
      "license": "OFL-1.1",
      "funding": {
        "url": "https://github.com/sponsors/ayuhito"
      }
    },
    "node_modules/@fontsource/vazirmatn": {
      "version": "5.3.0",
      "resolved": "https://registry.npmjs.org/@fontsource/vazirmatn/-/vazirmatn-5.3.0.tgz",
      "integrity": "sha512-XC/2yN2r5gwhFT3klSuWaqncODX2DOfRYfNmbyzgtWYxHxMC+tcoaX+tgggrm6hSkEgpR1TuSDEf1PiI91G7qg==",
      "license": "OFL-1.1",
      "funding": {
        "url": "https://github.com/sponsors/ayuhito"
      }
    },
    "node_modules/@fontsource/zain": {
      "version": "5.3.0",
      "resolved": "https://registry.npmjs.org/@fontsource/zain/-/zain-5.3.0.tgz",
      "integrity": "sha512-VbJbQzQt+mjV4l4Sn7cft3wsz23aMb+PvTJ4yo0az/svT/uv+i35EdFBa3ZRQ/sL2dccTjkFd+n0YRuVPqxUmQ==",
      "license": "OFL-1.1",
      "funding": {
        "url": "https://github.com/sponsors/ayuhito"
      }
    },
    "node_modules/gsap": {
      "version": "3.15.0",
      "resolved": "https://registry.npmjs.org/gsap/-/gsap-3.15.0.tgz",
      "integrity": "sha512-dMW4CWBTUK1AEEDeZc1g4xpPGIrSf9fJF960qbTZmN/QwZIWY5wgliS6JWl9/25fpTGJrMRtSjGtOmPnfjZB+A==",
      "license": "Standard 'no charge' license: https://gsap.com/standard-license."
    }
  }
}
